
Microsoft Visual Studio Solution File, Format Version 12.00
# Visual Studio 15
VisualStudioVersion = 15.0.28307.757
MinimumVisualStudioVersion = 10.0.40219.1
Project("{FAE04EC0-301F-11D3-BF4B-00C04F79EFBC}") = "AniRPG.MapSystem.Domain", "AniRPG.MapSystem.Domain\AniRPG.MapSystem.Domain.csproj", "{947C02C5-2102-4F99-8A81-C3A11462C246}"
EndProject
Project("{FAE04EC0-301F-11D3-BF4B-00C04F79EFBC}") = "AniRPG.MapSystem.Game", "AniRPG.MapSystem.Game\AniRPG.MapSystem.Game.csproj", "{7B32C85A-51AB-43C0-B27A-D993BAED3C98}"
EndProject
Project("{FAE04EC0-301F-11D3-BF4B-00C04F79EFBC}") = "AniRPG.MapSystem.Game.UI", "AniRPG.MapSystem.Game.UI\AniRPG.MapSystem.Game.UI.csproj", "{790CC5C0-0AB4-474C-8E3C-3CBED6D575A2}"
EndProject
Project("{FAE04EC0-301F-11D3-BF4B-00C04F79EFBC}") = "AniRPG.MapSystem.Game.Persistence", "AniRPG.MapSystem.Game.Persistence\AniRPG.MapSystem.Game.Persistence.csproj", "{752B59EC-B62F-414F-81B9-B98D6F79033F}"
EndProject
Project("{FAE04EC0-301F-11D3-BF4B-00C04F79EFBC}") = "AniRPG.MapSystem.Content", "AniRPG.MapSystem.Content\AniRPG.MapSystem.Content.csproj", "{34ABBBC3-4EB9-4DD2-A258-4BE218698C5D}"
EndProject
Project("{FAE04EC0-301F-11D3-BF4B-00C04F79EFBC}") = "AniRPG.MapSystem.Content.UI", "AniRPG.MapSystem.Content.UI\AniRPG.MapSystem.Content.UI.csproj", "{EA9EE57E-B998-412F-ADFA-3A4024739AD4}"
EndProject
Project("{FAE04EC0-301F-11D3-BF4B-00C04F79EFBC}") = "AniRPG.MapSystem.Content.Persistence", "AniRPG.MapSystem.Content.Persistence\AniRPG.MapSystem.Content.Persistence.csproj", "{11B75993-9862-4A2E-A15E-20BC9DDB480F}"
EndProject
Global
	GlobalSection(SolutionConfigurationPlatforms) = preSolution
		Debug|Any CPU = Debug|Any CPU
		Release|Any CPU = Release|Any CPU
	EndGlobalSection
	GlobalSection(ProjectConfigurationPlatforms) = postSolution
		{947C02C5-2102-4F99-8A81-C3A11462C246}.Debug|Any CPU.ActiveCfg = Debug|Any CPU
		{947C02C5-2102-4F99-8A81-C3A11462C246}.Debug|Any CPU.Build.0 = Debug|Any CPU
		{947C02C5-2102-4F99-8A81-C3A11462C246}.Release|Any CPU.ActiveCfg = Release|Any CPU
		{947C02C5-2102-4F99-8A81-C3A11462C246}.Release|Any CPU.Build.0 = Release|Any CPU
		{7B32C85A-51AB-43C0-B27A-D993BAED3C98}.Debug|Any CPU.ActiveCfg = Debug|Any CPU
		{7B32C85A-51AB-43C0-B27A-D993BAED3C98}.Debug|Any CPU.Build.0 = Debug|Any CPU
		{7B32C85A-51AB-43C0-B27A-D993BAED3C98}.Release|Any CPU.ActiveCfg = Release|Any CPU
		{7B32C85A-51AB-43C0-B27A-D993BAED3C98}.Release|Any CPU.Build.0 = Release|Any CPU
		{790CC5C0-0AB4-474C-8E3C-3CBED6D575A2}.Debug|Any CPU.ActiveCfg = Debug|Any CPU
		{790CC5C0-0AB4-474C-8E3C-3CBED6D575A2}.Debug|Any CPU.Build.0 = Debug|Any CPU
		{790CC5C0-0AB4-474C-8E3C-3CBED6D575A2}.Release|Any CPU.ActiveCfg = Release|Any CPU
		{790CC5C0-0AB4-474C-8E3C-3CBED6D575A2}.Release|Any CPU.Build.0 = Release|Any CPU
		{752B59EC-B62F-414F-81B9-B98D6F79033F}.Debug|Any CPU.ActiveCfg = Debug|Any CPU
		{752B59EC-B62F-414F-81B9-B98D6F79033F}.Debug|Any CPU.Build.0 = Debug|Any CPU
		{752B59EC-B62F-414F-81B9-B98D6F79033F}.Release|Any CPU.ActiveCfg = Release|Any CPU
		{752B59EC-B62F-414F-81B9-B98D6F79033F}.Release|Any CPU.Build.0 = Release|Any CPU
		{34ABBBC3-4EB9-4DD2-A258-4BE218698C5D}.Debug|Any CPU.ActiveCfg = Debug|Any CPU
		{34ABBBC3-4EB9-4DD2-A258-4BE218698C5D}.Debug|Any CPU.Build.0 = Debug|Any CPU
		{34ABBBC3-4EB9-4DD2-A258-4BE218698C5D}.Release|Any CPU.ActiveCfg = Release|Any CPU
		{34ABBBC3-4EB9-4DD2-A258-4BE218698C5D}.Release|Any CPU.Build.0 = Release|Any CPU
		{EA9EE57E-B998-412F-ADFA-3A4024739AD4}.Debug|Any CPU.ActiveCfg = Debug|Any CPU
		{EA9EE57E-B998-412F-ADFA-3A4024739AD4}.Debug|Any CPU.Build.0 = Debug|Any CPU
		{EA9EE57E-B998-412F-ADFA-3A4024739AD4}.Release|Any CPU.ActiveCfg = Release|Any CPU
		{EA9EE57E-B998-412F-ADFA-3A4024739AD4}.Release|Any CPU.Build.0 = Release|Any CPU
		{11B75993-9862-4A2E-A15E-20BC9DDB480F}.Debug|Any CPU.ActiveCfg = Debug|Any CPU
		{11B75993-9862-4A2E-A15E-20BC9DDB480F}.Debug|Any CPU.Build.0 = Debug|Any CPU
		{11B75993-9862-4A2E-A15E-20BC9DDB480F}.Release|Any CPU.ActiveCfg = Release|Any CPU
		{11B75993-9862-4A2E-A15E-20BC9DDB480F}.Release|Any CPU.Build.0 = Release|Any CPU
	EndGlobalSection
	GlobalSection(SolutionProperties) = preSolution
		HideSolutionNode = FALSE
	EndGlobalSection
	GlobalSection(ExtensibilityGlobals) = postSolution
		SolutionGuid = {FF2ABE24-735B-4A84-9D32-7A4845236D4B}
	EndGlobalSection
EndGlobal
